
Microsoft Visual Studio Solution File, Format Version 12.00
# Visual Studio Version 17
VisualStudioVersion = 17.1.32407.343
MinimumVisualStudioVersion = 10.0.40219.1
Project("{FAE04EC0-301F-11D3-BF4B-00C04F79EFBC}") = "AccountingOfSalariesAndPersonnel", "AccountingOfSalariesAndPersonnel\AccountingOfSalariesAndPersonnel.csproj", "{1E9241D6-5884-43F9-8CA1-603E46B3C809}"
EndProject
Global
	GlobalSection(SolutionConfigurationPlatforms) = preSolution
		Debug|Any CPU = Debug|Any CPU
		Release|Any CPU = Release|Any CPU
	EndGlobalSection
	GlobalSection(ProjectConfigurationPlatforms) = postSolution
		{1E9241D6-5884-43F9-8CA1-603E46B3C809}.Debug|Any CPU.ActiveCfg = Debug|Any CPU
		{1E9241D6-5884-43F9-8CA1-603E46B3C809}.Debug|Any CPU.Build.0 = Debug|Any CPU
		{1E9241D6-5884-43F9-8CA1-603E46B3C809}.Release|Any CPU.ActiveCfg = Release|Any CPU
		{1E9241D6-5884-43F9-8CA1-603E46B3C809}.Release|Any CPU.Build.0 = Release|Any CPU
	EndGlobalSection
	GlobalSection(SolutionProperties) = preSolution
		HideSolutionNode = FALSE
	EndGlobalSection
	GlobalSection(ExtensibilityGlobals) = postSolution
		SolutionGuid = {5AECC886-43B4-4035-A4A2-77AA258FEBE0}
	EndGlobalSection
EndGlobal
